
Microsoft Visual Studio Solution File, Format Version 11.00
# Visual Studio 2010
Project("{FAE04EC0-301F-11D3-BF4B-00C04F79EFBC}") = "Senior_Design", "Assembly-CSharp.csproj", "{DB5FDDA0-3216-6EE3-9A68-7DDE7891E5DF}"
EndProject
Project("{0FB958CA-413F-9390-FAC9-69C618F55A66}") = "Senior_Design", "Assembly-UnityScript.unityproj", "{3932FCAC-C471-3722-3BE2-AB0E0CFA6511}"
EndProject
Global
	GlobalSection(SolutionConfigurationPlatforms) = preSolution
		Debug|Any CPU = Debug|Any CPU
		Release|Any CPU = Release|Any CPU
	EndGlobalSection
	GlobalSection(ProjectConfigurationPlatforms) = postSolution
		{DB5FDDA0-3216-6EE3-9A68-7DDE7891E5DF}.Debug|Any CPU.ActiveCfg = Debug|Any CPU
		{DB5FDDA0-3216-6EE3-9A68-7DDE7891E5DF}.Debug|Any CPU.Build.0 = Debug|Any CPU
		{DB5FDDA0-3216-6EE3-9A68-7DDE7891E5DF}.Release|Any CPU.ActiveCfg = Release|Any CPU
		{DB5FDDA0-3216-6EE3-9A68-7DDE7891E5DF}.Release|Any CPU.Build.0 = Release|Any CPU
		{3932FCAC-C471-3722-3BE2-AB0E0CFA6511}.Debug|Any CPU.ActiveCfg = Debug|Any CPU
		{3932FCAC-C471-3722-3BE2-AB0E0CFA6511}.Debug|Any CPU.Build.0 = Debug|Any CPU
		{3932FCAC-C471-3722-3BE2-AB0E0CFA6511}.Release|Any CPU.ActiveCfg = Release|Any CPU
		{3932FCAC-C471-3722-3BE2-AB0E0CFA6511}.Release|Any CPU.Build.0 = Release|Any CPU
	EndGlobalSection
	GlobalSection(SolutionProperties) = preSolution
		HideSolutionNode = FALSE
	EndGlobalSection
	GlobalSection(MonoDevelopProperties) = preSolution
		StartupItem = Assembly-CSharp.csproj
	EndGlobalSection
EndGlobal
